
Microsoft Visual Studio Solution File, Format Version 12.00
# Visual Studio Version 16
VisualStudioVersion = 16.0.31702.278
MinimumVisualStudioVersion = 10.0.40219.1
Project("{FAE04EC0-301F-11D3-BF4B-00C04F79EFBC}") = "AIS", "AIS\AIS.csproj", "{30DFB87E-5B1A-4AF3-ACC8-C9D5250140D1}"
EndProject
Global
	GlobalSection(SolutionConfigurationPlatforms) = preSolution
		Debug|Any CPU = Debug|Any CPU
		Release|Any CPU = Release|Any CPU
	EndGlobalSection
	GlobalSection(ProjectConfigurationPlatforms) = postSolution
		{30DFB87E-5B1A-4AF3-ACC8-C9D5250140D1}.Debug|Any CPU.ActiveCfg = Debug|Any CPU
		{30DFB87E-5B1A-4AF3-ACC8-C9D5250140D1}.Debug|Any CPU.Build.0 = Debug|Any CPU
		{30DFB87E-5B1A-4AF3-ACC8-C9D5250140D1}.Release|Any CPU.ActiveCfg = Release|Any CPU
		{30DFB87E-5B1A-4AF3-ACC8-C9D5250140D1}.Release|Any CPU.Build.0 = Release|Any CPU
	EndGlobalSection
	GlobalSection(SolutionProperties) = preSolution
		HideSolutionNode = FALSE
	EndGlobalSection
	GlobalSection(ExtensibilityGlobals) = postSolution
		SolutionGuid = {5C3F7669-2635-40F2-B0EF-EE359DCE1954}
	EndGlobalSection
EndGlobal
